{
  "requires": true,
  "lockfileVersion": 1,
  "dependencies": {
    "chart.js": {
      "version": "3.6.1",
      "resolved": "https://registry.npmjs.org/chart.js/-/chart.js-3.6.1.tgz",
      "integrity": "sha512-AycnixR0I325Fp3bqQ7wRJbkIJPwz/9IZtUBvdBWMjK5+nKCy6FZ3VejkDTtB9udePEXNt1UYoGTsNL49JoIbg=="
    },
    "chartjs-plugin-autocolors": {
      "version": "0.0.4",
      "resolved": "https://registry.npmjs.org/chartjs-plugin-autocolors/-/chartjs-plugin-autocolors-0.0.4.tgz",
      "integrity": "sha512-4BTqNaIR3JywnH/7FxImkRNWclKiBx3MLt2LEl1skMuTAlflkDLSTavbJwbULMg9ehfhe+Q8RhlnaNKhtgewpg==",
      "dev": true
    },
    "d3-color": {
      "version": "3.0.1",
      "resolved": "https://registry.npmjs.org/d3-color/-/d3-color-3.0.1.tgz",
      "integrity": "sha512-6/SlHkDOBLyQSJ1j1Ghs82OIUXpKWlR0hCsw0XrLSQhuUPuCSmLQ1QPH98vpnQxMUQM2/gfAkUEWsupVpd9JGw=="
    },
    "d3-interpolate": {
      "version": "3.0.1",
      "resolved": "https://registry.npmjs.org/d3-interpolate/-/d3-interpolate-3.0.1.tgz",
      "integrity": "sha512-3bYs1rOD33uo8aqJfKP3JWPAibgw8Zm2+L9vBKEHJ2Rg+viTR7o5Mmv5mZcieN+FRYaAOWX5SJATX6k1PWz72g==",
      "requires": {
        "d3-color": "1 - 3"
      }
    }
  }
}
